
Microsoft Visual Studio Solution File, Format Version 12.00
# Visual Studio Version 17
VisualStudioVersion = 17.2.32630.192
MinimumVisualStudioVersion = 10.0.40219.1
Project("{FAE04EC0-301F-11D3-BF4B-00C04F79EFBC}") = "NorthwindApi", "NorthwindApi\NorthwindApi.csproj", "{78A8B819-512A-4157-A957-95A726D0EE90}"
EndProject
Project("{FAE04EC0-301F-11D3-BF4B-00C04F79EFBC}") = "NorthwindTests", "NorthwindTests\NorthwindTests.csproj", "{8383EEAE-B3E3-42C1-8E12-408B9EB506F2}"
EndProject
Global
	GlobalSection(SolutionConfigurationPlatforms) = preSolution
		Debug|Any CPU = Debug|Any CPU
		Release|Any CPU = Release|Any CPU
	EndGlobalSection
	GlobalSection(ProjectConfigurationPlatforms) = postSolution
		{78A8B819-512A-4157-A957-95A726D0EE90}.Debug|Any CPU.ActiveCfg = Debug|Any CPU
		{78A8B819-512A-4157-A957-95A726D0EE90}.Debug|Any CPU.Build.0 = Debug|Any CPU
		{78A8B819-512A-4157-A957-95A726D0EE90}.Release|Any CPU.ActiveCfg = Release|Any CPU
		{78A8B819-512A-4157-A957-95A726D0EE90}.Release|Any CPU.Build.0 = Release|Any CPU
		{8383EEAE-B3E3-42C1-8E12-408B9EB506F2}.Debug|Any CPU.ActiveCfg = Debug|Any CPU
		{8383EEAE-B3E3-42C1-8E12-408B9EB506F2}.Debug|Any CPU.Build.0 = Debug|Any CPU
		{8383EEAE-B3E3-42C1-8E12-408B9EB506F2}.Release|Any CPU.ActiveCfg = Release|Any CPU
		{8383EEAE-B3E3-42C1-8E12-408B9EB506F2}.Release|Any CPU.Build.0 = Release|Any CPU
	EndGlobalSection
	GlobalSection(SolutionProperties) = preSolution
		HideSolutionNode = FALSE
	EndGlobalSection
	GlobalSection(ExtensibilityGlobals) = postSolution
		SolutionGuid = {4BF123C0-9827-4030-91ED-6282DC5BCE0E}
	EndGlobalSection
EndGlobal
